
Microsoft Visual Studio Solution File, Format Version 12.00
# Visual Studio Version 17
VisualStudioVersion = 17.11.35312.102
MinimumVisualStudioVersion = 10.0.40219.1
Project("{FAE04EC0-301F-11D3-BF4B-00C04F79EFBC}") = "Actividad04", "Actividad04\Actividad04.csproj", "{0CFDAEB7-324F-413C-AC3E-B6728E154063}"
EndProject
Global
	GlobalSection(SolutionConfigurationPlatforms) = preSolution
		Debug|Any CPU = Debug|Any CPU
		Release|Any CPU = Release|Any CPU
	EndGlobalSection
	GlobalSection(ProjectConfigurationPlatforms) = postSolution
		{0CFDAEB7-324F-413C-AC3E-B6728E154063}.Debug|Any CPU.ActiveCfg = Debug|Any CPU
		{0CFDAEB7-324F-413C-AC3E-B6728E154063}.Debug|Any CPU.Build.0 = Debug|Any CPU
		{0CFDAEB7-324F-413C-AC3E-B6728E154063}.Release|Any CPU.ActiveCfg = Release|Any CPU
		{0CFDAEB7-324F-413C-AC3E-B6728E154063}.Release|Any CPU.Build.0 = Release|Any CPU
	EndGlobalSection
	GlobalSection(SolutionProperties) = preSolution
		HideSolutionNode = FALSE
	EndGlobalSection
	GlobalSection(ExtensibilityGlobals) = postSolution
		SolutionGuid = {1A90ACA6-A040-4558-9914-A2166CF800D1}
	EndGlobalSection
EndGlobal
