
Microsoft Visual Studio Solution File, Format Version 12.00
# Blend for Visual Studio Version 17
VisualStudioVersion = 17.11.35312.102
MinimumVisualStudioVersion = 10.0.40219.1
Project("{FAE04EC0-301F-11D3-BF4B-00C04F79EFBC}") = "Actividad02", "Actividad02\Actividad02.csproj", "{77A88134-ED23-409B-8007-6666782E82F5}"
EndProject
Global
	GlobalSection(SolutionConfigurationPlatforms) = preSolution
		Debug|Any CPU = Debug|Any CPU
		Release|Any CPU = Release|Any CPU
	EndGlobalSection
	GlobalSection(ProjectConfigurationPlatforms) = postSolution
		{77A88134-ED23-409B-8007-6666782E82F5}.Debug|Any CPU.ActiveCfg = Debug|Any CPU
		{77A88134-ED23-409B-8007-6666782E82F5}.Debug|Any CPU.Build.0 = Debug|Any CPU
		{77A88134-ED23-409B-8007-6666782E82F5}.Release|Any CPU.ActiveCfg = Release|Any CPU
		{77A88134-ED23-409B-8007-6666782E82F5}.Release|Any CPU.Build.0 = Release|Any CPU
	EndGlobalSection
	GlobalSection(SolutionProperties) = preSolution
		HideSolutionNode = FALSE
	EndGlobalSection
	GlobalSection(ExtensibilityGlobals) = postSolution
		SolutionGuid = {F8D9DA7C-4E43-45DF-B5C7-78C17D68ECF8}
	EndGlobalSection
EndGlobal
